
Microsoft Visual Studio Solution File, Format Version 12.00
# Visual Studio Version 17
VisualStudioVersion = 17.3.32929.385
MinimumVisualStudioVersion = 10.0.40219.1
Project("{F184B08F-C81C-45F6-A57F-5ABD9991F28F}") = "MESS MINDER 1.0", "MESS MINDER 1.0.vbproj", "{6AC6BB3A-64FD-49A9-B490-A3D10DAFDF1C}"
EndProject
Global
	GlobalSection(SolutionConfigurationPlatforms) = preSolution
		Debug|Any CPU = Debug|Any CPU
		Release|Any CPU = Release|Any CPU
	EndGlobalSection
	GlobalSection(ProjectConfigurationPlatforms) = postSolution
		{6AC6BB3A-64FD-49A9-B490-A3D10DAFDF1C}.Debug|Any CPU.ActiveCfg = Debug|Any CPU
		{6AC6BB3A-64FD-49A9-B490-A3D10DAFDF1C}.Debug|Any CPU.Build.0 = Debug|Any CPU
		{6AC6BB3A-64FD-49A9-B490-A3D10DAFDF1C}.Release|Any CPU.ActiveCfg = Release|Any CPU
		{6AC6BB3A-64FD-49A9-B490-A3D10DAFDF1C}.Release|Any CPU.Build.0 = Release|Any CPU
	EndGlobalSection
	GlobalSection(SolutionProperties) = preSolution
		HideSolutionNode = FALSE
	EndGlobalSection
	GlobalSection(ExtensibilityGlobals) = postSolution
		SolutionGuid = {D693EBF8-1313-413F-A884-8D925656148F}
	EndGlobalSection
EndGlobal
